// !$*UTF8*$!
{
	archiveVersion = 1;
	classes = {
	};
	objectVersion = 55;
	objects = {

/* Begin PBXBuildFile section */
		2C59667127D1292500450582 /* AppDelegate.swift in Sources */ = {isa = PBXBuildFile; fileRef = 2C59667027D1292500450582 /* AppDelegate.swift */; };
		2C59667327D1292500450582 /* SceneDelegate.swift in Sources */ = {isa = PBXBuildFile; fileRef = 2C59667227D1292500450582 /* SceneDelegate.swift */; };
		2C59667527D1292500450582 /* ViewController.swift in Sources */ = {isa = PBXBuildFile; fileRef = 2C59667427D1292500450582 /* ViewController.swift */; };
		2C59667827D1292500450582 /* Main.storyboard in Resources */ = {isa = PBXBuildFile; fileRef = 2C59667627D1292500450582 /* Main.storyboard */; };
		2C59667A27D1292600450582 /* Assets.xcassets in Resources */ = {isa = PBXBuildFile; fileRef = 2C59667927D1292600450582 /* Assets.xcassets */; };
		2C59667D27D1292600450582 /* LaunchScreen.storyboard in Resources */ = {isa = PBXBuildFile; fileRef = 2C59667B27D1292600450582 /* LaunchScreen.storyboard */; };
		2C59668827D1292600450582 /* I_Am_RichTests.swift in Sources */ = {isa = PBXBuildFile; fileRef = 2C59668727D1292600450582 /* I_Am_RichTests.swift */; };
		2C59669227D1292600450582 /* I_Am_RichUITests.swift in Sources */ = {isa = PBXBuildFile; fileRef = 2C59669127D1292600450582 /* I_Am_RichUITests.swift */; };
		2C59669427D1292600450582 /* I_Am_RichUITestsLaunchTests.swift in Sources */ = {isa = PBXBuildFile; fileRef = 2C59669327D1292600450582 /* I_Am_RichUITestsLaunchTests.swift */; };
/* End PBXBuildFile section */

/* Begin PBXContainerItemProxy section */
		2C59668427D1292600450582 /* PBXContainerItemProxy */ = {
			isa = PBXContainerItemProxy;
			containerPortal = 2C59666527D1292500450582 /* Project object */;
			proxyType = 1;
			remoteGlobalIDString = 2C59666C27D1292500450582;
			remoteInfo = "I Am Rich";
		};
		2C59668E27D1292600450582 /* PBXContainerItemProxy */ = {
			isa = PBXContainerItemProxy;
			containerPortal = 2C59666527D1292500450582 /* Project object */;
			proxyType = 1;
			remoteGlobalIDString = 2C59666C27D1292500450582;
			remoteInfo = "I Am Rich";
		};
/* End PBXContainerItemProxy section */

/* Begin PBXFileReference section */
		2C59666D27D1292500450582 /* I Am Rich.app */ = {isa = PBXFileReference; explicitFileType = wrapper.application; includeInIndex = 0; path = "I Am Rich.app"; sourceTree = BUILT_PRODUCTS_DIR; };
		2C59667027D1292500450582 /* AppDelegate.swift */ = {isa = PBXFileReference; lastKnownFileType = sourcecode.swift; path = AppDelegate.swift; sourceTree = "<group>"; };
		2C59667227D1292500450582 /* SceneDelegate.swift */ = {isa = PBXFileReference; lastKnownFileType = sourcecode.swift; path = SceneDelegate.swift; sourceTree = "<group>"; };
		2C59667427D1292500450582 /* ViewController.swift */ = {isa = PBXFileReference; lastKnownFileType = sourcecode.swift; path = ViewController.swift; sourceTree = "<group>"; };
		2C59667727D1292500450582 /* Base */ = {isa = PBXFileReference; lastKnownFileType = file.storyboard; name = Base; path = Base.lproj/Main.storyboard; sourceTree = "<group>"; };
		2C59667927D1292600450582 /* Assets.xcassets */ = {isa = PBXFileReference; lastKnownFileType = folder.assetcatalog; path = Assets.xcassets; sourceTree = "<group>"; };
		2C59667C27D1292600450582 /* Base */ = {isa = PBXFileReference; lastKnownFileType = file.storyboard; name = Base; path = Base.lproj/LaunchScreen.storyboard; sourceTree = "<group>"; };
		2C59667E27D1292600450582 /* Info.plist */ = {isa = PBXFileReference; lastKnownFileType = text.plist.xml; path = Info.plist; sourceTree = "<group>"; };
		2C59668327D1292600450582 /* I Am RichTests.xctest */ = {isa = PBXFileReference; explicitFileType = wrapper.cfbundle; includeInIndex = 0; path = "I Am RichTests.xctest"; sourceTree = BUILT_PRODUCTS_DIR; };
		2C59668727D1292600450582 /* I_Am_RichTests.swift */ = {isa = PBXFileReference; lastKnownFileType = sourcecode.swift; path = I_Am_RichTests.swift; sourceTree = "<group>"; };
		2C59668D27D1292600450582 /* I Am RichUITests.xctest */ = {isa = PBXFileReference; explicitFileType = wrapper.cfbundle; includeInIndex = 0; path = "I Am RichUITests.xctest"; sourceTree = BUILT_PRODUCTS_DIR; };
		2C59669127D1292600450582 /* I_Am_RichUITests.swift */ = {isa = PBXFileReference; lastKnownFileType = sourcecode.swift; path = I_Am_RichUITests.swift; sourceTree = "<group>"; };
		2C59669327D1292600450582 /* I_Am_RichUITestsLaunchTests.swift */ = {isa = PBXFileReference; lastKnownFileType = sourcecode.swift; path = I_Am_RichUITestsLaunchTests.swift; sourceTree = "<group>"; };
/* End PBXFileReference section */

/* Begin PBXFrameworksBuildPhase section */
		2C59666A27D1292500450582 /* Frameworks */ = {
			isa = PBXFrameworksBuildPhase;
			buildActionMask = 2147483647;
			files = (
			);
			runOnlyForDeploymentPostprocessing = 0;
		};
		2C59668027D1292600450582 /* Frameworks */ = {
			isa = PBXFrameworksBuildPhase;
			buildActionMask = 2147483647;
			files = (
			);
			runOnlyForDeploymentPostprocessing = 0;
		};
		2C59668A27D1292600450582 /* Frameworks */ = {
			isa = PBXFrameworksBuildPhase;
			buildActionMask = 2147483647;
			files = (
			);
			runOnlyForDeploymentPostprocessing = 0;
		};
/* End PBXFrameworksBuildPhase section */

/* Begin PBXGroup section */
		2C59666427D1292500450582 = {
			isa = PBXGroup;
			children = (
				2C59666F27D1292500450582 /* I Am Rich */,
				2C59668627D1292600450582 /* I Am RichTests */,
				2C59669027D1292600450582 /* I Am RichUITests */,
				2C59666E27D1292500450582 /* Products */,
			);
			sourceTree = "<group>";
		};
		2C59666E27D1292500450582 /* Products */ = {
			isa = PBXGroup;
			children = (
				2C59666D27D1292500450582 /* I Am Rich.app */,
				2C59668327D1292600450582 /* I Am RichTests.xctest */,
				2C59668D27D1292600450582 /* I Am RichUITests.xctest */,
			);
			name = Products;
			sourceTree = "<group>";
		};
		2C59666F27D1292500450582 /* I Am Rich */ = {
			isa = PBXGroup;
			children = (
				2C59667027D1292500450582 /* AppDelegate.swift */,
				2C59667227D1292500450582 /* SceneDelegate.swift */,
				2C59667427D1292500450582 /* ViewController.swift */,
				2C59667627D1292500450582 /* Main.storyboard */,
				2C59667927D1292600450582 /* Assets.xcassets */,
				2C59667B27D1292600450582 /* LaunchScreen.storyboard */,
				2C59667E27D1292600450582 /* Info.plist */,
			);
			path = "I Am Rich";
			sourceTree = "<group>";
		};
		2C59668627D1292600450582 /* I Am RichTests */ = {
			isa = PBXGroup;
			children = (
				2C59668727D1292600450582 /* I_Am_RichTests.swift */,
			);
			path = "I Am RichTests";
			sourceTree = "<group>";
		};
		2C59669027D1292600450582 /* I Am RichUITests */ = {
			isa = PBXGroup;
			children = (
				2C59669127D1292600450582 /* I_Am_RichUITests.swift */,
				2C59669327D1292600450582 /* I_Am_RichUITestsLaunchTests.swift */,
			);
			path = "I Am RichUITests";
			sourceTree = "<group>";
		};
/* End PBXGroup section */

/* Begin PBXNativeTarget section */
		2C59666C27D1292500450582 /* I Am Rich */ = {
			isa = PBXNativeTarget;
			buildConfigurationList = 2C59669727D1292600450582 /* Build configuration list for PBXNativeTarget "I Am Rich" */;
			buildPhases = (
				2C59666927D1292500450582 /* Sources */,
				2C59666A27D1292500450582 /* Frameworks */,
				2C59666B27D1292500450582 /* Resources */,
			);
			buildRules = (
			);
			dependencies = (
			);
			name = "I Am Rich";
			productName = "I Am Rich";
			productReference = 2C59666D27D1292500450582 /* I Am Rich.app */;
			productType = "com.apple.product-type.application";
		};
		2C59668227D1292600450582 /* I Am RichTests */ = {
			isa = PBXNativeTarget;
			buildConfigurationList = 2C59669A27D1292600450582 /* Build configuration list for PBXNativeTarget "I Am RichTests" */;
			buildPhases = (
				2C59667F27D1292600450582 /* Sources */,
				2C59668027D1292600450582 /* Frameworks */,
				2C59668127D1292600450582 /* Resources */,
			);
			buildRules = (
			);
			dependencies = (
				2C59668527D1292600450582 /* PBXTargetDependency */,
			);
			name = "I Am RichTests";
			productName = "I Am RichTests";
			productReference = 2C59668327D1292600450582 /* I Am RichTests.xctest */;
			productType = "com.apple.product-type.bundle.unit-test";
		};
		2C59668C27D1292600450582 /* I Am RichUITests */ = {
			isa = PBXNativeTarget;
			buildConfigurationList = 2C59669D27D1292600450582 /* Build configuration list for PBXNativeTarget "I Am RichUITests" */;
			buildPhases = (
				2C59668927D1292600450582 /* Sources */,
				2C59668A27D1292600450582 /* Frameworks */,
				2C59668B27D1292600450582 /* Resources */,
			);
			buildRules = (
			);
			dependencies = (
				2C59668F27D1292600450582 /* PBXTargetDependency */,
			);
			name = "I Am RichUITests";
			productName = "I Am RichUITests";
			productReference = 2C59668D27D1292600450582 /* I Am RichUITests.xctest */;
			productType = "com.apple.product-type.bundle.ui-testing";
		};
/* End PBXNativeTarget section */

/* Begin PBXProject section */
		2C59666527D1292500450582 /* Project object */ = {
			isa = PBXProject;
			attributes = {
				BuildIndependentTargetsInParallel = 1;
				LastSwiftUpdateCheck = 1320;
				LastUpgradeCheck = 1320;
				TargetAttributes = {
					2C59666C27D1292500450582 = {
						CreatedOnToolsVersion = 13.2.1;
					};
					2C59668227D1292600450582 = {
						CreatedOnToolsVersion = 13.2.1;
						TestTargetID = 2C59666C27D1292500450582;
					};
					2C59668C27D1292600450582 = {
						CreatedOnToolsVersion = 13.2.1;
						TestTargetID = 2C59666C27D1292500450582;
					};
				};
			};
			buildConfigurationList = 2C59666827D1292500450582 /* Build configuration list for PBXProject "I Am Rich" */;
			compatibilityVersion = "Xcode 13.0";
			developmentRegion = en;
			hasScannedForEncodings = 0;
			knownRegions = (
				en,
				Base,
			);
			mainGroup = 2C59666427D1292500450582;
			productRefGroup = 2C59666E27D1292500450582 /* Products */;
			projectDirPath = "";
			projectRoot = "";
			targets = (
				2C59666C27D1292500450582 /* I Am Rich */,
				2C59668227D1292600450582 /* I Am RichTests */,
				2C59668C27D1292600450582 /* I Am RichUITests */,
			);
		};
/* End PBXProject section */

/* Begin PBXResourcesBuildPhase section */
		2C59666B27D1292500450582 /* Resources */ = {
			isa = PBXResourcesBuildPhase;
			buildActionMask = 2147483647;
			files = (
				2C59667D27D1292600450582 /* LaunchScreen.storyboard in Resources */,
				2C59667A27D1292600450582 /* Assets.xcassets in Resources */,
				2C59667827D1292500450582 /* Main.storyboard in Resources */,
			);
			runOnlyForDeploymentPostprocessing = 0;
		};
		2C59668127D1292600450582 /* Resources */ = {
			isa = PBXResourcesBuildPhase;
			buildActionMask = 2147483647;
			files = (
			);
			runOnlyForDeploymentPostprocessing = 0;
		};
		2C59668B27D1292600450582 /* Resources */ = {
			isa = PBXResourcesBuildPhase;
			buildActionMask = 2147483647;
			files = (
			);
			runOnlyForDeploymentPostprocessing = 0;
		};
/* End PBXResourcesBuildPhase section */

/* Begin PBXSourcesBuildPhase section */
		2C59666927D1292500450582 /* Sources */ = {
			isa = PBXSourcesBuildPhase;
			buildActionMask = 2147483647;
			files = (
				2C59667527D1292500450582 /* ViewController.swift in Sources */,
				2C59667127D1292500450582 /* AppDelegate.swift in Sources */,
				2C59667327D1292500450582 /* SceneDelegate.swift in Sources */,
			);
			runOnlyForDeploymentPostprocessing = 0;
		};
		2C59667F27D1292600450582 /* Sources */ = {
			isa = PBXSourcesBuildPhase;
			buildActionMask = 2147483647;
			files = (
				2C59668827D1292600450582 /* I_Am_RichTests.swift in Sources */,
			);
			runOnlyForDeploymentPostprocessing = 0;
		};
		2C59668927D1292600450582 /* Sources */ = {
			isa = PBXSourcesBuildPhase;
			buildActionMask = 2147483647;
			files = (
				2C59669427D1292600450582 /* I_Am_RichUITestsLaunchTests.swift in Sources */,
				2C59669227D1292600450582 /* I_Am_RichUITests.swift in Sources */,
			);
			runOnlyForDeploymentPostprocessing = 0;
		};
/* End PBXSourcesBuildPhase section */

/* Begin PBXTargetDependency section */
		2C59668527D1292600450582 /* PBXTargetDependency */ = {
			isa = PBXTargetDependency;
			target = 2C59666C27D1292500450582 /* I Am Rich */;
			targetProxy = 2C59668427D1292600450582 /* PBXContainerItemProxy */;
		};
		2C59668F27D1292600450582 /* PBXTargetDependency */ = {
			isa = PBXTargetDependency;
			target = 2C59666C27D1292500450582 /* I Am Rich */;
			targetProxy = 2C59668E27D1292600450582 /* PBXContainerItemProxy */;
		};
/* End PBXTargetDependency section */

/* Begin PBXVariantGroup section */
		2C59667627D1292500450582 /* Main.storyboard */ = {
			isa = PBXVariantGroup;
			children = (
				2C59667727D1292500450582 /* Base */,
			);
			name = Main.storyboard;
			sourceTree = "<group>";
		};
		2C59667B27D1292600450582 /* LaunchScreen.storyboard */ = {
			isa = PBXVariantGroup;
			children = (
				2C59667C27D1292600450582 /* Base */,
			);
			name = LaunchScreen.storyboard;
			sourceTree = "<group>";
		};
/* End PBXVariantGroup section */

/* Begin XCBuildConfiguration section */
		2C59669527D1292600450582 /* Debug */ = {
			isa = XCBuildConfiguration;
			buildSettings = {
				ALWAYS_SEARCH_USER_PATHS = NO;
				CLANG_ANALYZER_NONNULL = YES;
				CLANG_ANALYZER_NUMBER_OBJECT_CONVERSION = YES_AGGRESSIVE;
				CLANG_CXX_LANGUAGE_STANDARD = "gnu++17";
				CLANG_CXX_LIBRARY = "libc++";
				CLANG_ENABLE_MODULES = YES;
				CLANG_ENABLE_OBJC_ARC = YES;
				CLANG_ENABLE_OBJC_WEAK = YES;
				CLANG_WARN_BLOCK_CAPTURE_AUTORELEASING = YES;
				CLANG_WARN_BOOL_CONVERSION = YES;
				CLANG_WARN_COMMA = YES;
				CLANG_WARN_CONSTANT_CONVERSION = YES;
				CLANG_WARN_DEPRECATED_OBJC_IMPLEMENTATIONS = YES;
				CLANG_WARN_DIRECT_OBJC_ISA_USAGE = YES_ERROR;
				CLANG_WARN_DOCUMENTATION_COMMENTS = YES;
				CLANG_WARN_EMPTY_BODY = YES;
				CLANG_WARN_ENUM_CONVERSION = YES;
				CLANG_WARN_INFINITE_RECURSION = YES;
				CLANG_WARN_INT_CONVERSION = YES;
				CLANG_WARN_NON_LITERAL_NULL_CONVERSION = YES;
				CLANG_WARN_OBJC_IMPLICIT_RETAIN_SELF = YES;
				CLANG_WARN_OBJC_LITERAL_CONVERSION = YES;
				CLANG_WARN_OBJC_ROOT_CLASS = YES_ERROR;
				CLANG_WARN_QUOTED_INCLUDE_IN_FRAMEWORK_HEADER = YES;
				CLANG_WARN_RANGE_LOOP_ANALYSIS = YES;
				CLANG_WARN_STRICT_PROTOTYPES = YES;
				CLANG_WARN_SUSPICIOUS_MOVE = YES;
				CLANG_WARN_UNGUARDED_AVAILABILITY = YES_AGGRESSIVE;
				CLANG_WARN_UNREACHABLE_CODE = YES;
				CLANG_WARN__DUPLICATE_METHOD_MATCH = YES;
				COPY_PHASE_STRIP = NO;
				DEBUG_INFORMATION_FORMAT = dwarf;
				ENABLE_STRICT_OBJC_MSGSEND = YES;
				ENABLE_TESTABILITY = YES;
				GCC_C_LANGUAGE_STANDARD = gnu11;
				GCC_DYNAMIC_NO_PIC = NO;
				GCC_NO_COMMON_BLOCKS = YES;
				GCC_OPTIMIZATION_LEVEL = 0;
				GCC_PREPROCESSOR_DEFINITIONS = (
					"DEBUG=1",
					"$(inherited)",
				);
				GCC_WARN_64_TO_32_BIT_CONVERSION = YES;
				GCC_WARN_ABOUT_RETURN_TYPE = YES_ERROR;
				GCC_WARN_UNDECLARED_SELECTOR = YES;
				GCC_WARN_UNINITIALIZED_AUTOS = YES_AGGRESSIVE;
				GCC_WARN_UNUSED_FUNCTION = YES;
				GCC_WARN_UNUSED_VARIABLE = YES;
				IPHONEOS_DEPLOYMENT_TARGET = 15.2;
				MTL_ENABLE_DEBUG_INFO = INCLUDE_SOURCE;
				MTL_FAST_MATH = YES;
				ONLY_ACTIVE_ARCH = YES;
				SDKROOT = iphoneos;
				SWIFT_ACTIVE_COMPILATION_CONDITIONS = DEBUG;
				SWIFT_OPTIMIZATION_LEVEL = "-Onone";
			};
			name = Debug;
		};
		2C59669627D1292600450582 /* Release */ = {
			isa = XCBuildConfiguration;
			buildSettings = {
				ALWAYS_SEARCH_USER_PATHS = NO;
				CLANG_ANALYZER_NONNULL = YES;
				CLANG_ANALYZER_NUMBER_OBJECT_CONVERSION = YES_AGGRESSIVE;
				CLANG_CXX_LANGUAGE_STANDARD = "gnu++17";
				CLANG_CXX_LIBRARY = "libc++";
				CLANG_ENABLE_MODULES = YES;
				CLANG_ENABLE_OBJC_ARC = YES;
				CLANG_ENABLE_OBJC_WEAK = YES;
				CLANG_WARN_BLOCK_CAPTURE_AUTORELEASING = YES;
				CLANG_WARN_BOOL_CONVERSION = YES;
				CLANG_WARN_COMMA = YES;
				CLANG_WARN_CONSTANT_CONVERSION = YES;
				CLANG_WARN_DEPRECATED_OBJC_IMPLEMENTATIONS = YES;
				CLANG_WARN_DIRECT_OBJC_ISA_USAGE = YES_ERROR;
				CLANG_WARN_DOCUMENTATION_COMMENTS = YES;
				CLANG_WARN_EMPTY_BODY = YES;
				CLANG_WARN_ENUM_CONVERSION = YES;
				CLANG_WARN_INFINITE_RECURSION = YES;
				CLANG_WARN_INT_CONVERSION = YES;
				CLANG_WARN_NON_LITERAL_NULL_CONVERSION = YES;
				CLANG_WARN_OBJC_IMPLICIT_RETAIN_SELF = YES;
				CLANG_WARN_OBJC_LITERAL_CONVERSION = YES;
				CLANG_WARN_OBJC_ROOT_CLASS = YES_ERROR;
				CLANG_WARN_QUOTED_INCLUDE_IN_FRAMEWORK_HEADER = YES;
				CLANG_WARN_RANGE_LOOP_ANALYSIS = YES;
				CLANG_WARN_STRICT_PROTOTYPES = YES;
				CLANG_WARN_SUSPICIOUS_MOVE = YES;
				CLANG_WARN_UNGUARDED_AVAILABILITY = YES_AGGRESSIVE;
				CLANG_WARN_UNREACHABLE_CODE = YES;
				CLANG_WARN__DUPLICATE_METHOD_MATCH = YES;
				COPY_PHASE_STRIP = NO;
				DEBUG_INFORMATION_FORMAT = "dwarf-with-dsym";
				ENABLE_NS_ASSERTIONS = NO;
				ENABLE_STRICT_OBJC_MSGSEND = YES;
				GCC_C_LANGUAGE_STANDARD = gnu11;
				GCC_NO_COMMON_BLOCKS = YES;
				GCC_WARN_64_TO_32_BIT_CONVERSION = YES;
				GCC_WARN_ABOUT_RETURN_TYPE = YES_ERROR;
				GCC_WARN_UNDECLARED_SELECTOR = YES;
				GCC_WARN_UNINITIALIZED_AUTOS = YES_AGGRESSIVE;
				GCC_WARN_UNUSED_FUNCTION = YES;
				GCC_WARN_UNUSED_VARIABLE = YES;
				IPHONEOS_DEPLOYMENT_TARGET = 15.2;
				MTL_ENABLE_DEBUG_INFO = NO;
				MTL_FAST_MATH = YES;
				SDKROOT = iphoneos;
				SWIFT_COMPILATION_MODE = wholemodule;
				SWIFT_OPTIMIZATION_LEVEL = "-O";
				VALIDATE_PRODUCT = YES;
			};
			name = Release;
		};
		2C59669827D1292600450582 /* Debug */ = {
			isa = XCBuildConfiguration;
			buildSettings = {
				ASSETCATALOG_COMPILER_APPICON_NAME = AppIcon;
				ASSETCATALOG_COMPILER_GLOBAL_ACCENT_COLOR_NAME = AccentColor;
				CODE_SIGN_STYLE = Automatic;
				CURRENT_PROJECT_VERSION = 1;
				DEVELOPMENT_TEAM = J25YA2CZDR;
				GENERATE_INFOPLIST_FILE = YES;
				INFOPLIST_FILE = "I Am Rich/Info.plist";
				INFOPLIST_KEY_UIApplicationSupportsIndirectInputEvents = YES;
				INFOPLIST_KEY_UILaunchStoryboardName = LaunchScreen;
				INFOPLIST_KEY_UIMainStoryboardFile = Main;
				INFOPLIST_KEY_UISupportedInterfaceOrientations_iPad = "UIInterfaceOrientationPortrait UIInterfaceOrientationPortraitUpsideDown UIInterfaceOrientationLandscapeLeft UIInterfaceOrientationLandscapeRight";
				INFOPLIST_KEY_UISupportedInterfaceOrientations_iPhone = "UIInterfaceOrientationPortrait UIInterfaceOrientationLandscapeLeft UIInterfaceOrientationLandscapeRight";
				LD_RUNPATH_SEARCH_PATHS = (
					"$(inherited)",
					"@executable_path/Frameworks",
				);
				MARKETING_VERSION = 1.0;
				PRODUCT_BUNDLE_IDENTIFIER = "com.dmitriynikulin.I-Am-Rich";
				PRODUCT_NAME = "$(TARGET_NAME)";
				SWIFT_EMIT_LOC_STRINGS = YES;
				SWIFT_VERSION = 5.0;
				TARGETED_DEVICE_FAMILY = "1,2";
			};
			name = Debug;
		};
		2C59669927D1292600450582 /* Release */ = {
			isa = XCBuildConfiguration;
			buildSettings = {
				ASSETCATALOG_COMPILER_APPICON_NAME = AppIcon;
				ASSETCATALOG_COMPILER_GLOBAL_ACCENT_COLOR_NAME = AccentColor;
				CODE_SIGN_STYLE = Automatic;
				CURRENT_PROJECT_VERSION = 1;
				DEVELOPMENT_TEAM = J25YA2CZDR;
				GENERATE_INFOPLIST_FILE = YES;
				INFOPLIST_FILE = "I Am Rich/Info.plist";
				INFOPLIST_KEY_UIApplicationSupportsIndirectInputEvents = YES;
				INFOPLIST_KEY_UILaunchStoryboardName = LaunchScreen;
				INFOPLIST_KEY_UIMainStoryboardFile = Main;
				INFOPLIST_KEY_UISupportedInterfaceOrientations_iPad = "UIInterfaceOrientationPortrait UIInterfaceOrientationPortraitUpsideDown UIInterfaceOrientationLandscapeLeft UIInterfaceOrientationLandscapeRight";
				INFOPLIST_KEY_UISupportedInterfaceOrientations_iPhone = "UIInterfaceOrientationPortrait UIInterfaceOrientationLandscapeLeft UIInterfaceOrientationLandscapeRight";
				LD_RUNPATH_SEARCH_PATHS = (
					"$(inherited)",
					"@executable_path/Frameworks",
				);
				MARKETING_VERSION = 1.0;
				PRODUCT_BUNDLE_IDENTIFIER = "com.dmitriynikulin.I-Am-Rich";
				PRODUCT_NAME = "$(TARGET_NAME)";
				SWIFT_EMIT_LOC_STRINGS = YES;
				SWIFT_VERSION = 5.0;
				TARGETED_DEVICE_FAMILY = "1,2";
			};
			name = Release;
		};
		2C59669B27D1292600450582 /* Debug */ = {
			isa = XCBuildConfiguration;
			buildSettings = {
				ALWAYS_EMBED_SWIFT_STANDARD_LIBRARIES = YES;
				BUNDLE_LOADER = "$(TEST_HOST)";
				CODE_SIGN_STYLE = Automatic;
				CURRENT_PROJECT_VERSION = 1;
				GENERATE_INFOPLIST_FILE = YES;
				IPHONEOS_DEPLOYMENT_TARGET = 15.2;
				MARKETING_VERSION = 1.0;
				PRODUCT_BUNDLE_IDENTIFIER = "com.dmitriynikulin.I-Am-RichTests";
				PRODUCT_NAME = "$(TARGET_NAME)";
				SWIFT_EMIT_LOC_STRINGS = NO;
				SWIFT_VERSION = 5.0;
				TARGETED_DEVICE_FAMILY = "1,2";
				TEST_HOST = "$(BUILT_PRODUCTS_DIR)/I Am Rich.app/I Am Rich";
			};
			name = Debug;
		};
		2C59669C27D1292600450582 /* Release */ = {
			isa = XCBuildConfiguration;
			buildSettings = {
				ALWAYS_EMBED_SWIFT_STANDARD_LIBRARIES = YES;
				BUNDLE_LOADER = "$(TEST_HOST)";
				CODE_SIGN_STYLE = Automatic;
				CURRENT_PROJECT_VERSION = 1;
				GENERATE_INFOPLIST_FILE = YES;
				IPHONEOS_DEPLOYMENT_TARGET = 15.2;
				MARKETING_VERSION = 1.0;
				PRODUCT_BUNDLE_IDENTIFIER = "com.dmitriynikulin.I-Am-RichTests";
				PRODUCT_NAME = "$(TARGET_NAME)";
				SWIFT_EMIT_LOC_STRINGS = NO;
				SWIFT_VERSION = 5.0;
				TARGETED_DEVICE_FAMILY = "1,2";
				TEST_HOST = "$(BUILT_PRODUCTS_DIR)/I Am Rich.app/I Am Rich";
			};
			name = Release;
		};
		2C59669E27D1292600450582 /* Debug */ = {
			isa = XCBuildConfiguration;
			buildSettings = {
				ALWAYS_EMBED_SWIFT_STANDARD_LIBRARIES = YES;
				CODE_SIGN_STYLE = Automatic;
				CURRENT_PROJECT_VERSION = 1;
				GENERATE_INFOPLIST_FILE = YES;
				MARKETING_VERSION = 1.0;
				PRODUCT_BUNDLE_IDENTIFIER = "com.dmitriynikulin.I-Am-RichUITests";
				PRODUCT_NAME = "$(TARGET_NAME)";
				SWIFT_EMIT_LOC_STRINGS = NO;
				SWIFT_VERSION = 5.0;
				TARGETED_DEVICE_FAMILY = "1,2";
				TEST_TARGET_NAME = "I Am Rich";
			};
			name = Debug;
		};
		2C59669F27D1292600450582 /* Release */ = {
			isa = XCBuildConfiguration;
			buildSettings = {
				ALWAYS_EMBED_SWIFT_STANDARD_LIBRARIES = YES;
				CODE_SIGN_STYLE = Automatic;
				CURRENT_PROJECT_VERSION = 1;
				GENERATE_INFOPLIST_FILE = YES;
				MARKETING_VERSION = 1.0;
				PRODUCT_BUNDLE_IDENTIFIER = "com.dmitriynikulin.I-Am-RichUITests";
				PRODUCT_NAME = "$(TARGET_NAME)";
				SWIFT_EMIT_LOC_STRINGS = NO;
				SWIFT_VERSION = 5.0;
				TARGETED_DEVICE_FAMILY = "1,2";
				TEST_TARGET_NAME = "I Am Rich";
			};
			name = Release;
		};
/* End XCBuildConfiguration section */

/* Begin XCConfigurationList section */
		2C59666827D1292500450582 /* Build configuration list for PBXProject "I Am Rich" */ = {
			isa = XCConfigurationList;
			buildConfigurations = (
				2C59669527D1292600450582 /* Debug */,
				2C59669627D1292600450582 /* Release */,
			);
			defaultConfigurationIsVisible = 0;
			defaultConfigurationName = Release;
		};
		2C59669727D1292600450582 /* Build configuration list for PBXNativeTarget "I Am Rich" */ = {
			isa = XCConfigurationList;
			buildConfigurations = (
				2C59669827D1292600450582 /* Debug */,
				2C59669927D1292600450582 /* Release */,
			);
			defaultConfigurationIsVisible = 0;
			defaultConfigurationName = Release;
		};
		2C59669A27D1292600450582 /* Build configuration list for PBXNativeTarget "I Am RichTests" */ = {
			isa = XCConfigurationList;
			buildConfigurations = (
				2C59669B27D1292600450582 /* Debug */,
				2C59669C27D1292600450582 /* Release */,
			);
			defaultConfigurationIsVisible = 0;
			defaultConfigurationName = Release;
		};
		2C59669D27D1292600450582 /* Build configuration list for PBXNativeTarget "I Am RichUITests" */ = {
			isa = XCConfigurationList;
			buildConfigurations = (
				2C59669E27D1292600450582 /* Debug */,
				2C59669F27D1292600450582 /* Release */,
			);
			defaultConfigurationIsVisible = 0;
			defaultConfigurationName = Release;
		};
/* End XCConfigurationList section */
	};
	rootObject = 2C59666527D1292500450582 /* Project object */;
}
